
Microsoft Visual Studio Solution File, Format Version 12.00
# Visual Studio 15
VisualStudioVersion = 15.0.27004.2006
MinimumVisualStudioVersion = 10.0.40219.1
Project("{FAE04EC0-301F-11D3-BF4B-00C04F79EFBC}") = "APIService", "APIService\APIService.csproj", "{1E12A972-11FF-4EA9-A8ED-E673E27271AA}"
EndProject
Project("{E24C65DC-7377-472B-9ABA-BC803B73C61A}") = "Post-Data", "Post-Data\", "{2040BFD6-5900-47B0-8FE0-EF04B63212FE}"
	ProjectSection(WebsiteProperties) = preProject
		TargetFrameworkMoniker = ".NETFramework,Version%3Dv4.0"
		Debug.AspNetCompiler.VirtualPath = "/localhost_64324"
		Debug.AspNetCompiler.PhysicalPath = "Post-Data\"
		Debug.AspNetCompiler.TargetPath = "PrecompiledWeb\localhost_64324\"
		Debug.AspNetCompiler.Updateable = "true"
		Debug.AspNetCompiler.ForceOverwrite = "true"
		Debug.AspNetCompiler.FixedNames = "false"
		Debug.AspNetCompiler.Debug = "True"
		Release.AspNetCompiler.VirtualPath = "/localhost_64324"
		Release.AspNetCompiler.PhysicalPath = "Post-Data\"
		Release.AspNetCompiler.TargetPath = "PrecompiledWeb\localhost_64324\"
		Release.AspNetCompiler.Updateable = "true"
		Release.AspNetCompiler.ForceOverwrite = "true"
		Release.AspNetCompiler.FixedNames = "false"
		Release.AspNetCompiler.Debug = "False"
		VWDPort = "64324"
		SlnRelativePath = "Post-Data\"
	EndProjectSection
EndProject
Global
	GlobalSection(SolutionConfigurationPlatforms) = preSolution
		Debug|Any CPU = Debug|Any CPU
		Prod|Any CPU = Prod|Any CPU
		Release|Any CPU = Release|Any CPU
	EndGlobalSection
	GlobalSection(ProjectConfigurationPlatforms) = postSolution
		{1E12A972-11FF-4EA9-A8ED-E673E27271AA}.Debug|Any CPU.ActiveCfg = Debug|Any CPU
		{1E12A972-11FF-4EA9-A8ED-E673E27271AA}.Debug|Any CPU.Build.0 = Debug|Any CPU
		{1E12A972-11FF-4EA9-A8ED-E673E27271AA}.Prod|Any CPU.ActiveCfg = Prod|Any CPU
		{1E12A972-11FF-4EA9-A8ED-E673E27271AA}.Prod|Any CPU.Build.0 = Prod|Any CPU
		{1E12A972-11FF-4EA9-A8ED-E673E27271AA}.Release|Any CPU.ActiveCfg = Release|Any CPU
		{1E12A972-11FF-4EA9-A8ED-E673E27271AA}.Release|Any CPU.Build.0 = Release|Any CPU
		{2040BFD6-5900-47B0-8FE0-EF04B63212FE}.Debug|Any CPU.ActiveCfg = Debug|Any CPU
		{2040BFD6-5900-47B0-8FE0-EF04B63212FE}.Debug|Any CPU.Build.0 = Debug|Any CPU
		{2040BFD6-5900-47B0-8FE0-EF04B63212FE}.Prod|Any CPU.ActiveCfg = Debug|Any CPU
		{2040BFD6-5900-47B0-8FE0-EF04B63212FE}.Prod|Any CPU.Build.0 = Debug|Any CPU
		{2040BFD6-5900-47B0-8FE0-EF04B63212FE}.Release|Any CPU.ActiveCfg = Debug|Any CPU
		{2040BFD6-5900-47B0-8FE0-EF04B63212FE}.Release|Any CPU.Build.0 = Debug|Any CPU
	EndGlobalSection
	GlobalSection(SolutionProperties) = preSolution
		HideSolutionNode = FALSE
	EndGlobalSection
	GlobalSection(ExtensibilityGlobals) = postSolution
		SolutionGuid = {EE82F5AF-F2A3-4A8F-97DE-D74A99573DEF}
	EndGlobalSection
EndGlobal
